
Microsoft Visual Studio Solution File, Format Version 12.00
# Visual Studio 15
VisualStudioVersion = 15.0.28307.1209
MinimumVisualStudioVersion = 10.0.40219.1
Project("{FAE04EC0-301F-11D3-BF4B-00C04F79EFBC}") = "FohlioApp", "FohlioApp\FohlioApp.csproj", "{131F76BF-7BB9-4004-A95D-C95FE983F638}"
EndProject
Project("{FAE04EC0-301F-11D3-BF4B-00C04F79EFBC}") = "Services", "Services\Services.csproj", "{16975502-7B5D-4416-A351-9BB477DDA27B}"
EndProject
Project("{FAE04EC0-301F-11D3-BF4B-00C04F79EFBC}") = "Services.RestApi", "Services.RestApi\Services.RestApi.csproj", "{F4C0BBB1-42BB-4896-9106-3701589C8F59}"
EndProject
Project("{FAE04EC0-301F-11D3-BF4B-00C04F79EFBC}") = "Services.Serialization", "Services.Serialization\Services.Serialization.csproj", "{4B961C55-2F92-4A83-BC26-450D19AAA819}"
EndProject
Global
	GlobalSection(SolutionConfigurationPlatforms) = preSolution
		Debug|Any CPU = Debug|Any CPU
		R2017|Any CPU = R2017|Any CPU
		R2018|Any CPU = R2018|Any CPU
		R2019|Any CPU = R2019|Any CPU
		R2020|Any CPU = R2020|Any CPU
		Release|Any CPU = Release|Any CPU
	EndGlobalSection
	GlobalSection(ProjectConfigurationPlatforms) = postSolution
		{131F76BF-7BB9-4004-A95D-C95FE983F638}.Debug|Any CPU.ActiveCfg = Debug|Any CPU
		{131F76BF-7BB9-4004-A95D-C95FE983F638}.Debug|Any CPU.Build.0 = Debug|Any CPU
		{131F76BF-7BB9-4004-A95D-C95FE983F638}.R2017|Any CPU.ActiveCfg = Release|Any CPU
		{131F76BF-7BB9-4004-A95D-C95FE983F638}.R2017|Any CPU.Build.0 = Release|Any CPU
		{131F76BF-7BB9-4004-A95D-C95FE983F638}.R2018|Any CPU.ActiveCfg = Release|Any CPU
		{131F76BF-7BB9-4004-A95D-C95FE983F638}.R2018|Any CPU.Build.0 = Release|Any CPU
		{131F76BF-7BB9-4004-A95D-C95FE983F638}.R2019|Any CPU.ActiveCfg = Release|Any CPU
		{131F76BF-7BB9-4004-A95D-C95FE983F638}.R2019|Any CPU.Build.0 = Release|Any CPU
		{131F76BF-7BB9-4004-A95D-C95FE983F638}.R2020|Any CPU.ActiveCfg = Release|Any CPU
		{131F76BF-7BB9-4004-A95D-C95FE983F638}.R2020|Any CPU.Build.0 = Release|Any CPU
		{131F76BF-7BB9-4004-A95D-C95FE983F638}.Release|Any CPU.ActiveCfg = Release|Any CPU
		{131F76BF-7BB9-4004-A95D-C95FE983F638}.Release|Any CPU.Build.0 = Release|Any CPU
		{16975502-7B5D-4416-A351-9BB477DDA27B}.Debug|Any CPU.ActiveCfg = Debug|Any CPU
		{16975502-7B5D-4416-A351-9BB477DDA27B}.Debug|Any CPU.Build.0 = Debug|Any CPU
		{16975502-7B5D-4416-A351-9BB477DDA27B}.R2017|Any CPU.ActiveCfg = R2017|Any CPU
		{16975502-7B5D-4416-A351-9BB477DDA27B}.R2017|Any CPU.Build.0 = R2017|Any CPU
		{16975502-7B5D-4416-A351-9BB477DDA27B}.R2018|Any CPU.ActiveCfg = R2018|Any CPU
		{16975502-7B5D-4416-A351-9BB477DDA27B}.R2018|Any CPU.Build.0 = R2018|Any CPU
		{16975502-7B5D-4416-A351-9BB477DDA27B}.R2019|Any CPU.ActiveCfg = R2019|Any CPU
		{16975502-7B5D-4416-A351-9BB477DDA27B}.R2019|Any CPU.Build.0 = R2019|Any CPU
		{16975502-7B5D-4416-A351-9BB477DDA27B}.R2020|Any CPU.ActiveCfg = R2020|Any CPU
		{16975502-7B5D-4416-A351-9BB477DDA27B}.R2020|Any CPU.Build.0 = R2020|Any CPU
		{16975502-7B5D-4416-A351-9BB477DDA27B}.Release|Any CPU.ActiveCfg = Release|Any CPU
		{16975502-7B5D-4416-A351-9BB477DDA27B}.Release|Any CPU.Build.0 = Release|Any CPU
		{F4C0BBB1-42BB-4896-9106-3701589C8F59}.Debug|Any CPU.ActiveCfg = Debug|Any CPU
		{F4C0BBB1-42BB-4896-9106-3701589C8F59}.Debug|Any CPU.Build.0 = Debug|Any CPU
		{F4C0BBB1-42BB-4896-9106-3701589C8F59}.R2017|Any CPU.ActiveCfg = R2017|Any CPU
		{F4C0BBB1-42BB-4896-9106-3701589C8F59}.R2017|Any CPU.Build.0 = R2017|Any CPU
		{F4C0BBB1-42BB-4896-9106-3701589C8F59}.R2018|Any CPU.ActiveCfg = R2018|Any CPU
		{F4C0BBB1-42BB-4896-9106-3701589C8F59}.R2018|Any CPU.Build.0 = R2018|Any CPU
		{F4C0BBB1-42BB-4896-9106-3701589C8F59}.R2019|Any CPU.ActiveCfg = R2019|Any CPU
		{F4C0BBB1-42BB-4896-9106-3701589C8F59}.R2019|Any CPU.Build.0 = R2019|Any CPU
		{F4C0BBB1-42BB-4896-9106-3701589C8F59}.R2020|Any CPU.ActiveCfg = R2020|Any CPU
		{F4C0BBB1-42BB-4896-9106-3701589C8F59}.R2020|Any CPU.Build.0 = R2020|Any CPU
		{F4C0BBB1-42BB-4896-9106-3701589C8F59}.Release|Any CPU.ActiveCfg = Release|Any CPU
		{F4C0BBB1-42BB-4896-9106-3701589C8F59}.Release|Any CPU.Build.0 = Release|Any CPU
		{4B961C55-2F92-4A83-BC26-450D19AAA819}.Debug|Any CPU.ActiveCfg = Debug|Any CPU
		{4B961C55-2F92-4A83-BC26-450D19AAA819}.Debug|Any CPU.Build.0 = Debug|Any CPU
		{4B961C55-2F92-4A83-BC26-450D19AAA819}.R2017|Any CPU.ActiveCfg = R2017|Any CPU
		{4B961C55-2F92-4A83-BC26-450D19AAA819}.R2017|Any CPU.Build.0 = R2017|Any CPU
		{4B961C55-2F92-4A83-BC26-450D19AAA819}.R2018|Any CPU.ActiveCfg = R2018|Any CPU
		{4B961C55-2F92-4A83-BC26-450D19AAA819}.R2018|Any CPU.Build.0 = R2018|Any CPU
		{4B961C55-2F92-4A83-BC26-450D19AAA819}.R2019|Any CPU.ActiveCfg = R2019|Any CPU
		{4B961C55-2F92-4A83-BC26-450D19AAA819}.R2019|Any CPU.Build.0 = R2019|Any CPU
		{4B961C55-2F92-4A83-BC26-450D19AAA819}.R2020|Any CPU.ActiveCfg = R2020|Any CPU
		{4B961C55-2F92-4A83-BC26-450D19AAA819}.R2020|Any CPU.Build.0 = R2020|Any CPU
		{4B961C55-2F92-4A83-BC26-450D19AAA819}.Release|Any CPU.ActiveCfg = Release|Any CPU
		{4B961C55-2F92-4A83-BC26-450D19AAA819}.Release|Any CPU.Build.0 = Release|Any CPU
	EndGlobalSection
	GlobalSection(SolutionProperties) = preSolution
		HideSolutionNode = FALSE
	EndGlobalSection
	GlobalSection(ExtensibilityGlobals) = postSolution
		SolutionGuid = {7A6FAF0A-6C5F-478D-9899-513B02E9EBBD}
	EndGlobalSection
EndGlobal
